
Microsoft Visual Studio Solution File, Format Version 12.00
# Visual Studio Version 16
VisualStudioVersion = 16.0.30225.117
MinimumVisualStudioVersion = 10.0.40219.1
Project("{FAE04EC0-301F-11D3-BF4B-00C04F79EFBC}") = "FIFA", "FIFA\FIFA.csproj", "{AC65E1EC-D07A-4DE2-A3DB-F98E86426E1E}"
EndProject
Global
	GlobalSection(SolutionConfigurationPlatforms) = preSolution
		Debug|Any CPU = Debug|Any CPU
		Release|Any CPU = Release|Any CPU
	EndGlobalSection
	GlobalSection(ProjectConfigurationPlatforms) = postSolution
		{AC65E1EC-D07A-4DE2-A3DB-F98E86426E1E}.Debug|Any CPU.ActiveCfg = Debug|Any CPU
		{AC65E1EC-D07A-4DE2-A3DB-F98E86426E1E}.Debug|Any CPU.Build.0 = Debug|Any CPU
		{AC65E1EC-D07A-4DE2-A3DB-F98E86426E1E}.Release|Any CPU.ActiveCfg = Release|Any CPU
		{AC65E1EC-D07A-4DE2-A3DB-F98E86426E1E}.Release|Any CPU.Build.0 = Release|Any CPU
	EndGlobalSection
	GlobalSection(SolutionProperties) = preSolution
		HideSolutionNode = FALSE
	EndGlobalSection
	GlobalSection(ExtensibilityGlobals) = postSolution
		SolutionGuid = {F1E33978-29FA-4EC3-A6CB-9F28B7BCC8E5}
	EndGlobalSection
EndGlobal
